
Microsoft Visual Studio Solution File, Format Version 12.00
# Visual Studio 15
Project("{FAE04EC0-301F-11D3-BF4B-00C04F79EFBC}") = "CricketManager", "CricketManager\CricketManager.csproj", "{A14474E0-04C7-48B2-8487-56D79AE780B7}"
EndProject
Global
	GlobalSection(SolutionConfigurationPlatforms) = preSolution
		Debug|Any CPU = Debug|Any CPU
		Release|Any CPU = Release|Any CPU
	EndGlobalSection
	GlobalSection(ProjectConfigurationPlatforms) = postSolution
		{A14474E0-04C7-48B2-8487-56D79AE780B7}.Debug|Any CPU.ActiveCfg = Debug|Any CPU
		{A14474E0-04C7-48B2-8487-56D79AE780B7}.Debug|Any CPU.Build.0 = Debug|Any CPU
		{A14474E0-04C7-48B2-8487-56D79AE780B7}.Release|Any CPU.ActiveCfg = Release|Any CPU
		{A14474E0-04C7-48B2-8487-56D79AE780B7}.Release|Any CPU.Build.0 = Release|Any CPU
	EndGlobalSection
EndGlobal
