
Microsoft Visual Studio Solution File, Format Version 12.00
# Visual Studio 15
Project("{FAE04EC0-301F-11D3-BF4B-00C04F79EFBC}") = "cinema2.cs", "cinema2.cs.csproj", "{F2701691-EFAC-4183-869A-62EC2E17B42B}"
EndProject
Global
	GlobalSection(SolutionConfigurationPlatforms) = preSolution
		Debug|Any CPU = Debug|Any CPU
		Release|Any CPU = Release|Any CPU
	EndGlobalSection
	GlobalSection(ProjectConfigurationPlatforms) = postSolution
		{F2701691-EFAC-4183-869A-62EC2E17B42B}.Debug|Any CPU.ActiveCfg = Debug|Any CPU
		{F2701691-EFAC-4183-869A-62EC2E17B42B}.Debug|Any CPU.Build.0 = Debug|Any CPU
		{F2701691-EFAC-4183-869A-62EC2E17B42B}.Release|Any CPU.ActiveCfg = Release|Any CPU
		{F2701691-EFAC-4183-869A-62EC2E17B42B}.Release|Any CPU.Build.0 = Release|Any CPU
	EndGlobalSection
EndGlobal
