
Microsoft Visual Studio Solution File, Format Version 12.00
# Visual Studio 15
Project("{FAE04EC0-301F-11D3-BF4B-00C04F79EFBC}") = "exam_scores", "exam_scores\exam_scores.csproj", "{8A557CA0-F15A-4A43-875F-53FCF3E568AB}"
EndProject
Global
	GlobalSection(SolutionConfigurationPlatforms) = preSolution
		Debug|Any CPU = Debug|Any CPU
		Release|Any CPU = Release|Any CPU
	EndGlobalSection
	GlobalSection(ProjectConfigurationPlatforms) = postSolution
		{8A557CA0-F15A-4A43-875F-53FCF3E568AB}.Debug|Any CPU.ActiveCfg = Debug|Any CPU
		{8A557CA0-F15A-4A43-875F-53FCF3E568AB}.Debug|Any CPU.Build.0 = Debug|Any CPU
		{8A557CA0-F15A-4A43-875F-53FCF3E568AB}.Release|Any CPU.ActiveCfg = Release|Any CPU
		{8A557CA0-F15A-4A43-875F-53FCF3E568AB}.Release|Any CPU.Build.0 = Release|Any CPU
	EndGlobalSection
EndGlobal
