
Microsoft Visual Studio Solution File, Format Version 12.00
# Visual Studio 15
Project("{FAE04EC0-301F-11D3-BF4B-00C04F79EFBC}") = "exam-scores.cs", "exam-scores.cs.csproj", "{78F7F8AF-17B4-4B66-9FA7-10A28D710B4D}"
EndProject
Global
	GlobalSection(SolutionConfigurationPlatforms) = preSolution
		Debug|Any CPU = Debug|Any CPU
		Release|Any CPU = Release|Any CPU
	EndGlobalSection
	GlobalSection(ProjectConfigurationPlatforms) = postSolution
		{78F7F8AF-17B4-4B66-9FA7-10A28D710B4D}.Debug|Any CPU.ActiveCfg = Debug|Any CPU
		{78F7F8AF-17B4-4B66-9FA7-10A28D710B4D}.Debug|Any CPU.Build.0 = Debug|Any CPU
		{78F7F8AF-17B4-4B66-9FA7-10A28D710B4D}.Release|Any CPU.ActiveCfg = Release|Any CPU
		{78F7F8AF-17B4-4B66-9FA7-10A28D710B4D}.Release|Any CPU.Build.0 = Release|Any CPU
	EndGlobalSection
EndGlobal
