
Microsoft Visual Studio Solution File, Format Version 12.00
# Visual Studio 15
Project("{FAE04EC0-301F-11D3-BF4B-00C04F79EFBC}") = "CinemaEntry", "CinemaEntry\CinemaEntry.csproj", "{9C73E36D-3AB7-4717-8D5E-42AEBB6B162E}"
EndProject
Global
	GlobalSection(SolutionConfigurationPlatforms) = preSolution
		Debug|Any CPU = Debug|Any CPU
		Release|Any CPU = Release|Any CPU
	EndGlobalSection
	GlobalSection(ProjectConfigurationPlatforms) = postSolution
		{9C73E36D-3AB7-4717-8D5E-42AEBB6B162E}.Debug|Any CPU.ActiveCfg = Debug|Any CPU
		{9C73E36D-3AB7-4717-8D5E-42AEBB6B162E}.Debug|Any CPU.Build.0 = Debug|Any CPU
		{9C73E36D-3AB7-4717-8D5E-42AEBB6B162E}.Release|Any CPU.ActiveCfg = Release|Any CPU
		{9C73E36D-3AB7-4717-8D5E-42AEBB6B162E}.Release|Any CPU.Build.0 = Release|Any CPU
	EndGlobalSection
EndGlobal
