
Microsoft Visual Studio Solution File, Format Version 12.00
# Visual Studio 15
Project("{FAE04EC0-301F-11D3-BF4B-00C04F79EFBC}") = "Cinema_Entries_4", "Cinema_Entries_4\Cinema_Entries_4.csproj", "{0A769BB3-3C37-4B6D-A9E4-6A6C58ECAD98}"
EndProject
Global
	GlobalSection(SolutionConfigurationPlatforms) = preSolution
		Debug|anycpu = Debug|anycpu
		Release|anycpu = Release|anycpu
	EndGlobalSection
	GlobalSection(ProjectConfigurationPlatforms) = postSolution
		{0A769BB3-3C37-4B6D-A9E4-6A6C58ECAD98}.Debug|anycpu.ActiveCfg = Debug|anycpu
		{0A769BB3-3C37-4B6D-A9E4-6A6C58ECAD98}.Debug|anycpu.Build.0 = Debug|anycpu
		{0A769BB3-3C37-4B6D-A9E4-6A6C58ECAD98}.Release|anycpu.ActiveCfg = Release|anycpu
		{0A769BB3-3C37-4B6D-A9E4-6A6C58ECAD98}.Release|anycpu.Build.0 = Release|anycpu
	EndGlobalSection
EndGlobal
