
Microsoft Visual Studio Solution File, Format Version 12.00
# Visual Studio 15
Project("{FAE04EC0-301F-11D3-BF4B-00C04F79EFBC}") = "cinema", "cSharp\cinema.csproj", "{7E626441-EBF5-4BA7-964A-24109E22A78D}"
EndProject
Global
	GlobalSection(SolutionConfigurationPlatforms) = preSolution
		Debug|Any CPU = Debug|Any CPU
		Release|Any CPU = Release|Any CPU
	EndGlobalSection
	GlobalSection(ProjectConfigurationPlatforms) = postSolution
		{7E626441-EBF5-4BA7-964A-24109E22A78D}.Debug|Any CPU.ActiveCfg = Debug|Any CPU
		{7E626441-EBF5-4BA7-964A-24109E22A78D}.Debug|Any CPU.Build.0 = Debug|Any CPU
		{7E626441-EBF5-4BA7-964A-24109E22A78D}.Release|Any CPU.ActiveCfg = Release|Any CPU
		{7E626441-EBF5-4BA7-964A-24109E22A78D}.Release|Any CPU.Build.0 = Release|Any CPU
	EndGlobalSection
EndGlobal
