
Microsoft Visual Studio Solution File, Format Version 12.00
# Visual Studio 15
Project("{FAE04EC0-301F-11D3-BF4B-00C04F79EFBC}") = "cinema", "cinema.csproj", "{951E940D-F55C-4AF7-BA48-F315A52A3802}"
EndProject
Global
	GlobalSection(SolutionConfigurationPlatforms) = preSolution
		Debug|Any CPU = Debug|Any CPU
		Release|Any CPU = Release|Any CPU
	EndGlobalSection
	GlobalSection(ProjectConfigurationPlatforms) = postSolution
		{951E940D-F55C-4AF7-BA48-F315A52A3802}.Debug|Any CPU.ActiveCfg = Debug|Any CPU
		{951E940D-F55C-4AF7-BA48-F315A52A3802}.Debug|Any CPU.Build.0 = Debug|Any CPU
		{951E940D-F55C-4AF7-BA48-F315A52A3802}.Release|Any CPU.ActiveCfg = Release|Any CPU
		{951E940D-F55C-4AF7-BA48-F315A52A3802}.Release|Any CPU.Build.0 = Release|Any CPU
	EndGlobalSection
EndGlobal
