
Microsoft Visual Studio Solution File, Format Version 12.00
# Visual Studio 15
Project("{FAE04EC0-301F-11D3-BF4B-00C04F79EFBC}") = "Week12Lab-PotatoGrading", "Week12Lab-PotatoGrading.csproj", "{4538C7E1-7BF0-424A-85F7-BDB02F4577DE}"
EndProject
Global
	GlobalSection(SolutionConfigurationPlatforms) = preSolution
		Debug|Any CPU = Debug|Any CPU
		Release|Any CPU = Release|Any CPU
	EndGlobalSection
	GlobalSection(ProjectConfigurationPlatforms) = postSolution
		{4538C7E1-7BF0-424A-85F7-BDB02F4577DE}.Debug|Any CPU.ActiveCfg = Debug|Any CPU
		{4538C7E1-7BF0-424A-85F7-BDB02F4577DE}.Debug|Any CPU.Build.0 = Debug|Any CPU
		{4538C7E1-7BF0-424A-85F7-BDB02F4577DE}.Release|Any CPU.ActiveCfg = Release|Any CPU
		{4538C7E1-7BF0-424A-85F7-BDB02F4577DE}.Release|Any CPU.Build.0 = Release|Any CPU
	EndGlobalSection
EndGlobal
