
Microsoft Visual Studio Solution File, Format Version 12.00
# Visual Studio 15
Project("{FAE04EC0-301F-11D3-BF4B-00C04F79EFBC}") = "Potato", "Potato.csproj", "{58012C8D-DC3D-45E4-9E2B-2182F63F3B1B}"
EndProject
Global
	GlobalSection(SolutionConfigurationPlatforms) = preSolution
		Debug|Any CPU = Debug|Any CPU
		Release|Any CPU = Release|Any CPU
	EndGlobalSection
	GlobalSection(ProjectConfigurationPlatforms) = postSolution
		{58012C8D-DC3D-45E4-9E2B-2182F63F3B1B}.Debug|Any CPU.ActiveCfg = Debug|Any CPU
		{58012C8D-DC3D-45E4-9E2B-2182F63F3B1B}.Debug|Any CPU.Build.0 = Debug|Any CPU
		{58012C8D-DC3D-45E4-9E2B-2182F63F3B1B}.Release|Any CPU.ActiveCfg = Release|Any CPU
		{58012C8D-DC3D-45E4-9E2B-2182F63F3B1B}.Release|Any CPU.Build.0 = Release|Any CPU
	EndGlobalSection
EndGlobal
