
Microsoft Visual Studio Solution File, Format Version 12.00
# Visual Studio 15
Project("{FAE04EC0-301F-11D3-BF4B-00C04F79EFBC}") = "boxing_weightclass1", "boxing_weightclass1\boxing_weightclass1.csproj", "{C02CA6A9-CF8A-44C1-80C9-87F8B8789152}"
EndProject
Global
	GlobalSection(SolutionConfigurationPlatforms) = preSolution
		Debug|Any CPU = Debug|Any CPU
		Release|Any CPU = Release|Any CPU
	EndGlobalSection
	GlobalSection(ProjectConfigurationPlatforms) = postSolution
		{C02CA6A9-CF8A-44C1-80C9-87F8B8789152}.Debug|Any CPU.ActiveCfg = Debug|Any CPU
		{C02CA6A9-CF8A-44C1-80C9-87F8B8789152}.Debug|Any CPU.Build.0 = Debug|Any CPU
		{C02CA6A9-CF8A-44C1-80C9-87F8B8789152}.Release|Any CPU.ActiveCfg = Release|Any CPU
		{C02CA6A9-CF8A-44C1-80C9-87F8B8789152}.Release|Any CPU.Build.0 = Release|Any CPU
	EndGlobalSection
EndGlobal
